{
  "requires": true,
  "lockfileVersion": 1,
  "dependencies": {
    "preact": {
      "version": "10.5.4",
      "resolved": "https://registry.npmjs.org/preact/-/preact-10.5.4.tgz",
      "integrity": "sha512-u0LnVtL9WWF61RLzIbEsVFOdsahoTQkQqeRwyf4eWuLMFrxTH/C47tqcnizbUH54E4KG8UzuuZaMc9KarHmpqQ=="
    },
    "prettier": {
      "version": "2.1.2",
      "resolved": "https://registry.npmjs.org/prettier/-/prettier-2.1.2.tgz",
      "integrity": "sha512-16c7K+x4qVlJg9rEbXl7HEGmQyZlG4R9AgP+oHKRMsMsuk8s+ATStlf1NpDqyBI1HpVyfjLOeMhH2LvuNvV5Vg==",
      "dev": true
    }
  }
}
